// !$*UTF8*$!
{
	archiveVersion = 1;
	classes = {
	};
	objectVersion = 46;
	objects = {

/* Begin PBXBuildFile section */
		8D1AC9700486D14A00FE50C9 /* Cocoa.framework in Frameworks */ = {isa = PBXBuildFile; fileRef = DD92D38A0106425D02CA0E72 /* Cocoa.framework */; };
		E1EAB046068128A200774DFF /* QSTextManipulationPlugIn.m in Sources */ = {isa = PBXBuildFile; fileRef = E1EAB045068128A200774DFF /* QSTextManipulationPlugIn.m */; };
/* End PBXBuildFile section */

/* Begin PBXFileReference section */
		14A8CFE310CE4C3D003857E3 /* QSPlugIn.xcconfig */ = {isa = PBXFileReference; fileEncoding = 4; lastKnownFileType = text.xcconfig; path = QSPlugIn.xcconfig; sourceTree = "<group>"; };
		14A8CFE610CE4C4F003857E3 /* Common.xcconfig */ = {isa = PBXFileReference; fileEncoding = 4; lastKnownFileType = text.xcconfig; path = Common.xcconfig; sourceTree = "<group>"; };
		14A8CFEC10CE4C83003857E3 /* Developer.xcconfig */ = {isa = PBXFileReference; fileEncoding = 4; lastKnownFileType = text.xcconfig; path = Developer.xcconfig; sourceTree = "<group>"; };
		4D0C0DC20E0FCED80027D189 /* Debug.xcconfig */ = {isa = PBXFileReference; fileEncoding = 4; lastKnownFileType = text.xcconfig; path = Debug.xcconfig; sourceTree = "<group>"; };
		4D0C0DC60E0FCED80027D189 /* Release.xcconfig */ = {isa = PBXFileReference; fileEncoding = 4; lastKnownFileType = text.xcconfig; path = Release.xcconfig; sourceTree = "<group>"; };
		8D1AC9730486D14A00FE50C9 /* Info.plist */ = {isa = PBXFileReference; fileEncoding = 4; lastKnownFileType = text.plist; path = Info.plist; sourceTree = "<group>"; };
		8D1AC9740486D14A00FE50C9 /* Text Manipulation.qsplugin */ = {isa = PBXFileReference; explicitFileType = wrapper.cfbundle; includeInIndex = 0; path = "Text Manipulation.qsplugin"; sourceTree = BUILT_PRODUCTS_DIR; };
		CD123A3715F6653500A52F0F /* Quicksilver.pch */ = {isa = PBXFileReference; fileEncoding = 4; lastKnownFileType = sourcecode.c.h; path = Quicksilver.pch; sourceTree = "<group>"; };
		DD92D38A0106425D02CA0E72 /* Cocoa.framework */ = {isa = PBXFileReference; lastKnownFileType = wrapper.framework; name = Cocoa.framework; path = /System/Library/Frameworks/Cocoa.framework; sourceTree = "<absolute>"; };
		E1EAB045068128A200774DFF /* QSTextManipulationPlugIn.m */ = {isa = PBXFileReference; fileEncoding = 30; lastKnownFileType = sourcecode.c.objc; path = QSTextManipulationPlugIn.m; sourceTree = "<group>"; };
		E1EAB047068128A800774DFF /* QSTextManipulationPlugIn.h */ = {isa = PBXFileReference; fileEncoding = 30; lastKnownFileType = sourcecode.c.h; path = QSTextManipulationPlugIn.h; sourceTree = "<group>"; };
/* End PBXFileReference section */

/* Begin PBXFrameworksBuildPhase section */
		8D1AC96E0486D14A00FE50C9 /* Frameworks */ = {
			isa = PBXFrameworksBuildPhase;
			buildActionMask = 2147483647;
			files = (
				8D1AC9700486D14A00FE50C9 /* Cocoa.framework in Frameworks */,
			);
			runOnlyForDeploymentPostprocessing = 0;
		};
/* End PBXFrameworksBuildPhase section */

/* Begin PBXGroup section */
		0259C574FE90428111CA0C5A /* QSTextManipulationPlugIn */ = {
			isa = PBXGroup;
			children = (
				4D0C0DC00E0FCED80027D189 /* Configuration */,
				32DBCF9E0370C38000C91783 /* Classes */,
				0259C582FE90428111CA0C5A /* Resources */,
				1ED78706FE9D4A0611CA0C5A /* Products */,
				2E58F364FFB232C311CA0CBA /* Frameworks */,
			);
			name = QSTextManipulationPlugIn;
			sourceTree = "<group>";
		};
		0259C582FE90428111CA0C5A /* Resources */ = {
			isa = PBXGroup;
			children = (
				8D1AC9730486D14A00FE50C9 /* Info.plist */,
			);
			name = Resources;
			sourceTree = "<group>";
		};
		1ED78706FE9D4A0611CA0C5A /* Products */ = {
			isa = PBXGroup;
			children = (
				8D1AC9740486D14A00FE50C9 /* Text Manipulation.qsplugin */,
			);
			name = Products;
			sourceTree = "<group>";
		};
		2E58F364FFB232C311CA0CBA /* Frameworks */ = {
			isa = PBXGroup;
			children = (
				DD92D38A0106425D02CA0E72 /* Cocoa.framework */,
			);
			name = Frameworks;
			sourceTree = "<group>";
		};
		32DBCF9E0370C38000C91783 /* Classes */ = {
			isa = PBXGroup;
			children = (
				E1EAB047068128A800774DFF /* QSTextManipulationPlugIn.h */,
				E1EAB045068128A200774DFF /* QSTextManipulationPlugIn.m */,
			);
			name = Classes;
			sourceTree = "<group>";
		};
		4D0C0DC00E0FCED80027D189 /* Configuration */ = {
			isa = PBXGroup;
			children = (
				14A8CFEC10CE4C83003857E3 /* Developer.xcconfig */,
				14A8CFE610CE4C4F003857E3 /* Common.xcconfig */,
				14A8CFE310CE4C3D003857E3 /* QSPlugIn.xcconfig */,
				4D0C0DC20E0FCED80027D189 /* Debug.xcconfig */,
				4D0C0DC60E0FCED80027D189 /* Release.xcconfig */,
				CD123A3715F6653500A52F0F /* Quicksilver.pch */,
			);
			name = Configuration;
			path = /private/tmp/QS/Configuration;
			sourceTree = "<absolute>";
		};
/* End PBXGroup section */

/* Begin PBXNativeTarget section */
		8D1AC9600486D14A00FE50C9 /* Text Manipulation */ = {
			isa = PBXNativeTarget;
			buildConfigurationList = 7FFF257F085E488700266176 /* Build configuration list for PBXNativeTarget "Text Manipulation" */;
			buildPhases = (
				8D1AC9660486D14A00FE50C9 /* Resources */,
				8D1AC96A0486D14A00FE50C9 /* Sources */,
				8D1AC96E0486D14A00FE50C9 /* Frameworks */,
			);
			buildRules = (
			);
			dependencies = (
			);
			name = "Text Manipulation";
			productInstallPath = "$(HOME)/Developer/Palettes";
			productName = QSTextManipulationPlugIn;
			productReference = 8D1AC9740486D14A00FE50C9 /* Text Manipulation.qsplugin */;
			productType = "com.apple.product-type.bundle";
		};
/* End PBXNativeTarget section */

/* Begin PBXProject section */
		0259C573FE90428111CA0C5A /* Project object */ = {
			isa = PBXProject;
			attributes = {
				LastUpgradeCheck = 0800;
				TargetAttributes = {
					8D1AC9600486D14A00FE50C9 = {
						ProvisioningStyle = Manual;
					};
				};
			};
			buildConfigurationList = 7FFF2583085E488700266176 /* Build configuration list for PBXProject "TextManipulationElement" */;
			compatibilityVersion = "Xcode 3.2";
			developmentRegion = English;
			hasScannedForEncodings = 1;
			knownRegions = (
				English,
				en,
			);
			mainGroup = 0259C574FE90428111CA0C5A /* QSTextManipulationPlugIn */;
			projectDirPath = "";
			projectRoot = "";
			targets = (
				8D1AC9600486D14A00FE50C9 /* Text Manipulation */,
			);
		};
/* End PBXProject section */

/* Begin PBXResourcesBuildPhase section */
		8D1AC9660486D14A00FE50C9 /* Resources */ = {
			isa = PBXResourcesBuildPhase;
			buildActionMask = 2147483647;
			files = (
			);
			runOnlyForDeploymentPostprocessing = 0;
		};
/* End PBXResourcesBuildPhase section */

/* Begin PBXSourcesBuildPhase section */
		8D1AC96A0486D14A00FE50C9 /* Sources */ = {
			isa = PBXSourcesBuildPhase;
			buildActionMask = 2147483647;
			files = (
				E1EAB046068128A200774DFF /* QSTextManipulationPlugIn.m in Sources */,
			);
			runOnlyForDeploymentPostprocessing = 0;
		};
/* End PBXSourcesBuildPhase section */

/* Begin XCBuildConfiguration section */
		7FFF2580085E488700266176 /* Debug */ = {
			isa = XCBuildConfiguration;
			baseConfigurationReference = 14A8CFE310CE4C3D003857E3 /* QSPlugIn.xcconfig */;
			buildSettings = {
				PRODUCT_BUNDLE_IDENTIFIER = com.blacktree.Quicksilver.QSTextManipulationPlugIn;
			};
			name = Debug;
		};
		7FFF2581085E488700266176 /* Release */ = {
			isa = XCBuildConfiguration;
			baseConfigurationReference = 14A8CFE310CE4C3D003857E3 /* QSPlugIn.xcconfig */;
			buildSettings = {
				PRODUCT_BUNDLE_IDENTIFIER = com.blacktree.Quicksilver.QSTextManipulationPlugIn;
			};
			name = Release;
		};
		7FFF2584085E488700266176 /* Debug */ = {
			isa = XCBuildConfiguration;
			baseConfigurationReference = 4D0C0DC20E0FCED80027D189 /* Debug.xcconfig */;
			buildSettings = {
				CLANG_ENABLE_OBJC_ARC = YES;
				CLANG_WARN_INFINITE_RECURSION = YES;
				CLANG_WARN_SUSPICIOUS_MOVE = YES;
				CLANG_WARN_UNREACHABLE_CODE = YES;
				ENABLE_STRICT_OBJC_MSGSEND = YES;
				ENABLE_TESTABILITY = YES;
				GCC_NO_COMMON_BLOCKS = YES;
			};
			name = Debug;
		};
		7FFF2585085E488700266176 /* Release */ = {
			isa = XCBuildConfiguration;
			baseConfigurationReference = 4D0C0DC60E0FCED80027D189 /* Release.xcconfig */;
			buildSettings = {
				CLANG_ENABLE_OBJC_ARC = YES;
				CLANG_WARN_INFINITE_RECURSION = YES;
				CLANG_WARN_SUSPICIOUS_MOVE = YES;
				CLANG_WARN_UNREACHABLE_CODE = YES;
				ENABLE_STRICT_OBJC_MSGSEND = YES;
				GCC_NO_COMMON_BLOCKS = YES;
			};
			name = Release;
		};
/* End XCBuildConfiguration section */

/* Begin XCConfigurationList section */
		7FFF257F085E488700266176 /* Build configuration list for PBXNativeTarget "Text Manipulation" */ = {
			isa = XCConfigurationList;
			buildConfigurations = (
				7FFF2580085E488700266176 /* Debug */,
				7FFF2581085E488700266176 /* Release */,
			);
			defaultConfigurationIsVisible = 0;
			defaultConfigurationName = Debug;
		};
		7FFF2583085E488700266176 /* Build configuration list for PBXProject "TextManipulationElement" */ = {
			isa = XCConfigurationList;
			buildConfigurations = (
				7FFF2584085E488700266176 /* Debug */,
				7FFF2585085E488700266176 /* Release */,
			);
			defaultConfigurationIsVisible = 0;
			defaultConfigurationName = Debug;
		};
/* End XCConfigurationList section */
	};
	rootObject = 0259C573FE90428111CA0C5A /* Project object */;
}
